
Microsoft Visual Studio Solution File, Format Version 12.00
# Visual Studio Version 17
VisualStudioVersion = 17.7.34009.444
MinimumVisualStudioVersion = 10.0.40219.1
Project("{8BC9CEB8-8B4A-11D0-8D11-00A0C91BC942}") = "Pokemon", "Pokemon\Pokemon.vcxproj", "{F086AAA9-F701-45A2-BEFB-C2A0A1BCFD05}"
EndProject
Global
	GlobalSection(SolutionConfigurationPlatforms) = preSolution
		Debug|x64 = Debug|x64
		Debug|x86 = Debug|x86
		Release|x64 = Release|x64
		Release|x86 = Release|x86
	EndGlobalSection
	GlobalSection(ProjectConfigurationPlatforms) = postSolution
		{F086AAA9-F701-45A2-BEFB-C2A0A1BCFD05}.Debug|x64.ActiveCfg = Debug|x64
		{F086AAA9-F701-45A2-BEFB-C2A0A1BCFD05}.Debug|x64.Build.0 = Debug|x64
		{F086AAA9-F701-45A2-BEFB-C2A0A1BCFD05}.Debug|x86.ActiveCfg = Debug|Win32
		{F086AAA9-F701-45A2-BEFB-C2A0A1BCFD05}.Debug|x86.Build.0 = Debug|Win32
		{F086AAA9-F701-45A2-BEFB-C2A0A1BCFD05}.Release|x64.ActiveCfg = Release|x64
		{F086AAA9-F701-45A2-BEFB-C2A0A1BCFD05}.Release|x64.Build.0 = Release|x64
		{F086AAA9-F701-45A2-BEFB-C2A0A1BCFD05}.Release|x86.ActiveCfg = Release|Win32
		{F086AAA9-F701-45A2-BEFB-C2A0A1BCFD05}.Release|x86.Build.0 = Release|Win32
	EndGlobalSection
	GlobalSection(SolutionProperties) = preSolution
		HideSolutionNode = FALSE
	EndGlobalSection
	GlobalSection(ExtensibilityGlobals) = postSolution
		SolutionGuid = {81F4B5F8-CD18-4143-BEDC-B898BD61455F}
	EndGlobalSection
EndGlobal
